Microsoft Visual Studio Solution File, Format Version 11.00
# Visual Studio 2008

Project("{91BC3E92-4AB0-27FE-0A6D-70795BF33E93}") = "RLTest", "Assembly-CSharp.csproj", "{5E6F717B-129F-E99A-D941-059B6C0703B5}"
EndProject
Global
	GlobalSection(SolutionConfigurationPlatforms) = preSolution
		Debug|Any CPU = Debug|Any CPU
		Release|Any CPU = Release|Any CPU
	EndGlobalSection
	GlobalSection(ProjectConfigurationPlatforms) = postSolution
		{5E6F717B-129F-E99A-D941-059B6C0703B5}.Debug|Any CPU.ActiveCfg = Debug|Any CPU
		{5E6F717B-129F-E99A-D941-059B6C0703B5}.Debug|Any CPU.Build.0 = Debug|Any CPU
		{5E6F717B-129F-E99A-D941-059B6C0703B5}.Release|Any CPU.ActiveCfg = Release|Any CPU
		{5E6F717B-129F-E99A-D941-059B6C0703B5}.Release|Any CPU.Build.0 = Release|Any CPU
	EndGlobalSection
	GlobalSection(SolutionProperties) = preSolution
		HideSolutionNode = FALSE
	EndGlobalSection
	GlobalSection(MonoDevelopProperties) = preSolution
		StartupItem = Assembly-CSharp.csproj
	EndGlobalSection
EndGlobal
